
Microsoft Visual Studio Solution File, Format Version 12.00
# Visual Studio Version 17
VisualStudioVersion = 17.4.33213.308
MinimumVisualStudioVersion = 10.0.40219.1
Project("{FAE04EC0-301F-11D3-BF4B-00C04F79EFBC}") = "UserEnrollmentAPI", "UserEnrollmentAPI\UserEnrollmentAPI.csproj", "{F514FDA4-538F-415D-AC57-BE67D4FB5FFC}"
EndProject
Global
	GlobalSection(SolutionConfigurationPlatforms) = preSolution
		Debug|Any CPU = Debug|Any CPU
		Release|Any CPU = Release|Any CPU
	EndGlobalSection
	GlobalSection(ProjectConfigurationPlatforms) = postSolution
		{F514FDA4-538F-415D-AC57-BE67D4FB5FFC}.Debug|Any CPU.ActiveCfg = Debug|Any CPU
		{F514FDA4-538F-415D-AC57-BE67D4FB5FFC}.Debug|Any CPU.Build.0 = Debug|Any CPU
		{F514FDA4-538F-415D-AC57-BE67D4FB5FFC}.Release|Any CPU.ActiveCfg = Release|Any CPU
		{F514FDA4-538F-415D-AC57-BE67D4FB5FFC}.Release|Any CPU.Build.0 = Release|Any CPU
	EndGlobalSection
	GlobalSection(SolutionProperties) = preSolution
		HideSolutionNode = FALSE
	EndGlobalSection
	GlobalSection(ExtensibilityGlobals) = postSolution
		SolutionGuid = {0500F2FB-5E51-4D84-A219-5854091396F0}
	EndGlobalSection
EndGlobal
